// !$*UTF8*$!
{
	archiveVersion = 1;
	classes = {
	};
	objectVersion = 50;
	objects = {

/* Begin PBXBuildFile section */
		9850C4AD22D1A492003D8158 /* AppDelegate.m in Sources */ = {isa = PBXBuildFile; fileRef = 9850C4AC22D1A492003D8158 /* AppDelegate.m */; };
		9850C4B022D1A492003D8158 /* ViewController.m in Sources */ = {isa = PBXBuildFile; fileRef = 9850C4AF22D1A492003D8158 /* ViewController.m */; };
		9850C4B322D1A492003D8158 /* Main.storyboard in Resources */ = {isa = PBXBuildFile; fileRef = 9850C4B122D1A492003D8158 /* Main.storyboard */; };
		9850C4B522D1A493003D8158 /* Assets.xcassets in Resources */ = {isa = PBXBuildFile; fileRef = 9850C4B422D1A493003D8158 /* Assets.xcassets */; };
		9850C4B822D1A493003D8158 /* LaunchScreen.storyboard in Resources */ = {isa = PBXBuildFile; fileRef = 9850C4B622D1A493003D8158 /* LaunchScreen.storyboard */; };
		9850C4BB22D1A493003D8158 /* main.m in Sources */ = {isa = PBXBuildFile; fileRef = 9850C4BA22D1A493003D8158 /* main.m */; };
		9850C4C322D1A5B3003D8158 /* MXCollectionViewFlowLayout.m in Sources */ = {isa = PBXBuildFile; fileRef = 9850C4C222D1A5B3003D8158 /* MXCollectionViewFlowLayout.m */; };
		9850C4C722D1D05A003D8158 /* MXBannerCell.m in Sources */ = {isa = PBXBuildFile; fileRef = 9850C4C622D1D05A003D8158 /* MXBannerCell.m */; };
		9850C4CA22D1D06D003D8158 /* MXTextCell.m in Sources */ = {isa = PBXBuildFile; fileRef = 9850C4C922D1D06D003D8158 /* MXTextCell.m */; };
		9850C4CD22D1D07C003D8158 /* MXTopicCell.m in Sources */ = {isa = PBXBuildFile; fileRef = 9850C4CC22D1D07C003D8158 /* MXTopicCell.m */; };
		9850C4D022D1D090003D8158 /* MXPinterestCell.m in Sources */ = {isa = PBXBuildFile; fileRef = 9850C4CF22D1D090003D8158 /* MXPinterestCell.m */; };
		9850C4DA22D1E78E003D8158 /* MXBannerHeaderView.m in Sources */ = {isa = PBXBuildFile; fileRef = 9850C4D922D1E78E003D8158 /* MXBannerHeaderView.m */; };
		9850C4DD22D1E7BF003D8158 /* MXTextHeaderView.m in Sources */ = {isa = PBXBuildFile; fileRef = 9850C4DC22D1E7BF003D8158 /* MXTextHeaderView.m */; };
		9850C4E022D1E7D8003D8158 /* MXTopicHeaderView.m in Sources */ = {isa = PBXBuildFile; fileRef = 9850C4DF22D1E7D8003D8158 /* MXTopicHeaderView.m */; };
		9850C4E322D1E7F0003D8158 /* MXPinterstHeaderView.m in Sources */ = {isa = PBXBuildFile; fileRef = 9850C4E222D1E7F0003D8158 /* MXPinterstHeaderView.m */; };
/* End PBXBuildFile section */

/* Begin PBXFileReference section */
		9850C4A822D1A492003D8158 /* CollectionViewFlowLayoutDemo.app */ = {isa = PBXFileReference; explicitFileType = wrapper.application; includeInIndex = 0; path = CollectionViewFlowLayoutDemo.app; sourceTree = BUILT_PRODUCTS_DIR; };
		9850C4AB22D1A492003D8158 /* AppDelegate.h */ = {isa = PBXFileReference; lastKnownFileType = sourcecode.c.h; path = AppDelegate.h; sourceTree = "<group>"; };
		9850C4AC22D1A492003D8158 /* AppDelegate.m */ = {isa = PBXFileReference; lastKnownFileType = sourcecode.c.objc; path = AppDelegate.m; sourceTree = "<group>"; };
		9850C4AE22D1A492003D8158 /* ViewController.h */ = {isa = PBXFileReference; lastKnownFileType = sourcecode.c.h; path = ViewController.h; sourceTree = "<group>"; };
		9850C4AF22D1A492003D8158 /* ViewController.m */ = {isa = PBXFileReference; lastKnownFileType = sourcecode.c.objc; path = ViewController.m; sourceTree = "<group>"; };
		9850C4B222D1A492003D8158 /* Base */ = {isa = PBXFileReference; lastKnownFileType = file.storyboard; name = Base; path = Base.lproj/Main.storyboard; sourceTree = "<group>"; };
		9850C4B422D1A493003D8158 /* Assets.xcassets */ = {isa = PBXFileReference; lastKnownFileType = folder.assetcatalog; path = Assets.xcassets; sourceTree = "<group>"; };
		9850C4B722D1A493003D8158 /* Base */ = {isa = PBXFileReference; lastKnownFileType = file.storyboard; name = Base; path = Base.lproj/LaunchScreen.storyboard; sourceTree = "<group>"; };
		9850C4B922D1A493003D8158 /* Info.plist */ = {isa = PBXFileReference; lastKnownFileType = text.plist.xml; path = Info.plist; sourceTree = "<group>"; };
		9850C4BA22D1A493003D8158 /* main.m */ = {isa = PBXFileReference; lastKnownFileType = sourcecode.c.objc; path = main.m; sourceTree = "<group>"; };
		9850C4C122D1A5B3003D8158 /* MXCollectionViewFlowLayout.h */ = {isa = PBXFileReference; lastKnownFileType = sourcecode.c.h; path = MXCollectionViewFlowLayout.h; sourceTree = "<group>"; };
		9850C4C222D1A5B3003D8158 /* MXCollectionViewFlowLayout.m */ = {isa = PBXFileReference; lastKnownFileType = sourcecode.c.objc; path = MXCollectionViewFlowLayout.m; sourceTree = "<group>"; };
		9850C4C522D1D05A003D8158 /* MXBannerCell.h */ = {isa = PBXFileReference; lastKnownFileType = sourcecode.c.h; path = MXBannerCell.h; sourceTree = "<group>"; };
		9850C4C622D1D05A003D8158 /* MXBannerCell.m */ = {isa = PBXFileReference; lastKnownFileType = sourcecode.c.objc; path = MXBannerCell.m; sourceTree = "<group>"; };
		9850C4C822D1D06D003D8158 /* MXTextCell.h */ = {isa = PBXFileReference; lastKnownFileType = sourcecode.c.h; path = MXTextCell.h; sourceTree = "<group>"; };
		9850C4C922D1D06D003D8158 /* MXTextCell.m */ = {isa = PBXFileReference; lastKnownFileType = sourcecode.c.objc; path = MXTextCell.m; sourceTree = "<group>"; };
		9850C4CB22D1D07C003D8158 /* MXTopicCell.h */ = {isa = PBXFileReference; lastKnownFileType = sourcecode.c.h; path = MXTopicCell.h; sourceTree = "<group>"; };
		9850C4CC22D1D07C003D8158 /* MXTopicCell.m */ = {isa = PBXFileReference; lastKnownFileType = sourcecode.c.objc; path = MXTopicCell.m; sourceTree = "<group>"; };
		9850C4CE22D1D090003D8158 /* MXPinterestCell.h */ = {isa = PBXFileReference; lastKnownFileType = sourcecode.c.h; path = MXPinterestCell.h; sourceTree = "<group>"; };
		9850C4CF22D1D090003D8158 /* MXPinterestCell.m */ = {isa = PBXFileReference; lastKnownFileType = sourcecode.c.objc; path = MXPinterestCell.m; sourceTree = "<group>"; };
		9850C4D822D1E78E003D8158 /* MXBannerHeaderView.h */ = {isa = PBXFileReference; lastKnownFileType = sourcecode.c.h; path = MXBannerHeaderView.h; sourceTree = "<group>"; };
		9850C4D922D1E78E003D8158 /* MXBannerHeaderView.m */ = {isa = PBXFileReference; lastKnownFileType = sourcecode.c.objc; path = MXBannerHeaderView.m; sourceTree = "<group>"; };
		9850C4DB22D1E7BF003D8158 /* MXTextHeaderView.h */ = {isa = PBXFileReference; lastKnownFileType = sourcecode.c.h; path = MXTextHeaderView.h; sourceTree = "<group>"; };
		9850C4DC22D1E7BF003D8158 /* MXTextHeaderView.m */ = {isa = PBXFileReference; lastKnownFileType = sourcecode.c.objc; path = MXTextHeaderView.m; sourceTree = "<group>"; };
		9850C4DE22D1E7D8003D8158 /* MXTopicHeaderView.h */ = {isa = PBXFileReference; lastKnownFileType = sourcecode.c.h; path = MXTopicHeaderView.h; sourceTree = "<group>"; };
		9850C4DF22D1E7D8003D8158 /* MXTopicHeaderView.m */ = {isa = PBXFileReference; lastKnownFileType = sourcecode.c.objc; path = MXTopicHeaderView.m; sourceTree = "<group>"; };
		9850C4E122D1E7F0003D8158 /* MXPinterstHeaderView.h */ = {isa = PBXFileReference; lastKnownFileType = sourcecode.c.h; path = MXPinterstHeaderView.h; sourceTree = "<group>"; };
		9850C4E222D1E7F0003D8158 /* MXPinterstHeaderView.m */ = {isa = PBXFileReference; lastKnownFileType = sourcecode.c.objc; path = MXPinterstHeaderView.m; sourceTree = "<group>"; };
/* End PBXFileReference section */

/* Begin PBXFrameworksBuildPhase section */
		9850C4A522D1A492003D8158 /* Frameworks */ = {
			isa = PBXFrameworksBuildPhase;
			buildActionMask = 2147483647;
			files = (
			);
			runOnlyForDeploymentPostprocessing = 0;
		};
/* End PBXFrameworksBuildPhase section */

/* Begin PBXGroup section */
		9850C49F22D1A492003D8158 = {
			isa = PBXGroup;
			children = (
				9850C4AA22D1A492003D8158 /* CollectionViewFlowLayoutDemo */,
				9850C4A922D1A492003D8158 /* Products */,
			);
			sourceTree = "<group>";
		};
		9850C4A922D1A492003D8158 /* Products */ = {
			isa = PBXGroup;
			children = (
				9850C4A822D1A492003D8158 /* CollectionViewFlowLayoutDemo.app */,
			);
			name = Products;
			sourceTree = "<group>";
		};
		9850C4AA22D1A492003D8158 /* CollectionViewFlowLayoutDemo */ = {
			isa = PBXGroup;
			children = (
				9850C4AB22D1A492003D8158 /* AppDelegate.h */,
				9850C4AC22D1A492003D8158 /* AppDelegate.m */,
				9850C4D122D1D0AB003D8158 /* SectionHeader */,
				9850C4C422D1D046003D8158 /* Cell */,
				9850C4AE22D1A492003D8158 /* ViewController.h */,
				9850C4AF22D1A492003D8158 /* ViewController.m */,
				9850C4C122D1A5B3003D8158 /* MXCollectionViewFlowLayout.h */,
				9850C4C222D1A5B3003D8158 /* MXCollectionViewFlowLayout.m */,
				9850C4B122D1A492003D8158 /* Main.storyboard */,
				9850C4B422D1A493003D8158 /* Assets.xcassets */,
				9850C4B622D1A493003D8158 /* LaunchScreen.storyboard */,
				9850C4B922D1A493003D8158 /* Info.plist */,
				9850C4BA22D1A493003D8158 /* main.m */,
			);
			path = CollectionViewFlowLayoutDemo;
			sourceTree = "<group>";
		};
		9850C4C422D1D046003D8158 /* Cell */ = {
			isa = PBXGroup;
			children = (
				9850C4C522D1D05A003D8158 /* MXBannerCell.h */,
				9850C4C622D1D05A003D8158 /* MXBannerCell.m */,
				9850C4C822D1D06D003D8158 /* MXTextCell.h */,
				9850C4C922D1D06D003D8158 /* MXTextCell.m */,
				9850C4CB22D1D07C003D8158 /* MXTopicCell.h */,
				9850C4CC22D1D07C003D8158 /* MXTopicCell.m */,
				9850C4CE22D1D090003D8158 /* MXPinterestCell.h */,
				9850C4CF22D1D090003D8158 /* MXPinterestCell.m */,
			);
			path = Cell;
			sourceTree = "<group>";
		};
		9850C4D122D1D0AB003D8158 /* SectionHeader */ = {
			isa = PBXGroup;
			children = (
				9850C4D822D1E78E003D8158 /* MXBannerHeaderView.h */,
				9850C4D922D1E78E003D8158 /* MXBannerHeaderView.m */,
				9850C4DB22D1E7BF003D8158 /* MXTextHeaderView.h */,
				9850C4DC22D1E7BF003D8158 /* MXTextHeaderView.m */,
				9850C4DE22D1E7D8003D8158 /* MXTopicHeaderView.h */,
				9850C4DF22D1E7D8003D8158 /* MXTopicHeaderView.m */,
				9850C4E122D1E7F0003D8158 /* MXPinterstHeaderView.h */,
				9850C4E222D1E7F0003D8158 /* MXPinterstHeaderView.m */,
			);
			path = SectionHeader;
			sourceTree = "<group>";
		};
/* End PBXGroup section */

/* Begin PBXNativeTarget section */
		9850C4A722D1A492003D8158 /* CollectionViewFlowLayoutDemo */ = {
			isa = PBXNativeTarget;
			buildConfigurationList = 9850C4BE22D1A493003D8158 /* Build configuration list for PBXNativeTarget "CollectionViewFlowLayoutDemo" */;
			buildPhases = (
				9850C4A422D1A492003D8158 /* Sources */,
				9850C4A522D1A492003D8158 /* Frameworks */,
				9850C4A622D1A492003D8158 /* Resources */,
			);
			buildRules = (
			);
			dependencies = (
			);
			name = CollectionViewFlowLayoutDemo;
			productName = CollectionViewFlowLayoutDemo;
			productReference = 9850C4A822D1A492003D8158 /* CollectionViewFlowLayoutDemo.app */;
			productType = "com.apple.product-type.application";
		};
/* End PBXNativeTarget section */

/* Begin PBXProject section */
		9850C4A022D1A492003D8158 /* Project object */ = {
			isa = PBXProject;
			attributes = {
				LastUpgradeCheck = 1020;
				ORGANIZATIONNAME = "暮雪";
				TargetAttributes = {
					9850C4A722D1A492003D8158 = {
						CreatedOnToolsVersion = 10.2.1;
					};
				};
			};
			buildConfigurationList = 9850C4A322D1A492003D8158 /* Build configuration list for PBXProject "CollectionViewFlowLayoutDemo" */;
			compatibilityVersion = "Xcode 9.3";
			developmentRegion = en;
			hasScannedForEncodings = 0;
			knownRegions = (
				en,
				Base,
			);
			mainGroup = 9850C49F22D1A492003D8158;
			productRefGroup = 9850C4A922D1A492003D8158 /* Products */;
			projectDirPath = "";
			projectRoot = "";
			targets = (
				9850C4A722D1A492003D8158 /* CollectionViewFlowLayoutDemo */,
			);
		};
/* End PBXProject section */

/* Begin PBXResourcesBuildPhase section */
		9850C4A622D1A492003D8158 /* Resources */ = {
			isa = PBXResourcesBuildPhase;
			buildActionMask = 2147483647;
			files = (
				9850C4B822D1A493003D8158 /* LaunchScreen.storyboard in Resources */,
				9850C4B522D1A493003D8158 /* Assets.xcassets in Resources */,
				9850C4B322D1A492003D8158 /* Main.storyboard in Resources */,
			);
			runOnlyForDeploymentPostprocessing = 0;
		};
/* End PBXResourcesBuildPhase section */

/* Begin PBXSourcesBuildPhase section */
		9850C4A422D1A492003D8158 /* Sources */ = {
			isa = PBXSourcesBuildPhase;
			buildActionMask = 2147483647;
			files = (
				9850C4B022D1A492003D8158 /* ViewController.m in Sources */,
				9850C4C322D1A5B3003D8158 /* MXCollectionViewFlowLayout.m in Sources */,
				9850C4BB22D1A493003D8158 /* main.m in Sources */,
				9850C4CD22D1D07C003D8158 /* MXTopicCell.m in Sources */,
				9850C4CA22D1D06D003D8158 /* MXTextCell.m in Sources */,
				9850C4DA22D1E78E003D8158 /* MXBannerHeaderView.m in Sources */,
				9850C4C722D1D05A003D8158 /* MXBannerCell.m in Sources */,
				9850C4E322D1E7F0003D8158 /* MXPinterstHeaderView.m in Sources */,
				9850C4DD22D1E7BF003D8158 /* MXTextHeaderView.m in Sources */,
				9850C4AD22D1A492003D8158 /* AppDelegate.m in Sources */,
				9850C4E022D1E7D8003D8158 /* MXTopicHeaderView.m in Sources */,
				9850C4D022D1D090003D8158 /* MXPinterestCell.m in Sources */,
			);
			runOnlyForDeploymentPostprocessing = 0;
		};
/* End PBXSourcesBuildPhase section */

/* Begin PBXVariantGroup section */
		9850C4B122D1A492003D8158 /* Main.storyboard */ = {
			isa = PBXVariantGroup;
			children = (
				9850C4B222D1A492003D8158 /* Base */,
			);
			name = Main.storyboard;
			sourceTree = "<group>";
		};
		9850C4B622D1A493003D8158 /* LaunchScreen.storyboard */ = {
			isa = PBXVariantGroup;
			children = (
				9850C4B722D1A493003D8158 /* Base */,
			);
			name = LaunchScreen.storyboard;
			sourceTree = "<group>";
		};
/* End PBXVariantGroup section */

/* Begin XCBuildConfiguration section */
		9850C4BC22D1A493003D8158 /* Debug */ = {
			isa = XCBuildConfiguration;
			buildSettings = {
				ALWAYS_SEARCH_USER_PATHS = NO;
				CLANG_ANALYZER_NONNULL = YES;
				CLANG_ANALYZER_NUMBER_OBJECT_CONVERSION = YES_AGGRESSIVE;
				CLANG_CXX_LANGUAGE_STANDARD = "gnu++14";
				CLANG_CXX_LIBRARY = "libc++";
				CLANG_ENABLE_MODULES = YES;
				CLANG_ENABLE_OBJC_ARC = YES;
				CLANG_ENABLE_OBJC_WEAK = YES;
				CLANG_WARN_BLOCK_CAPTURE_AUTORELEASING = YES;
				CLANG_WARN_BOOL_CONVERSION = YES;
				CLANG_WARN_COMMA = YES;
				CLANG_WARN_CONSTANT_CONVERSION = YES;
				CLANG_WARN_DEPRECATED_OBJC_IMPLEMENTATIONS = YES;
				CLANG_WARN_DIRECT_OBJC_ISA_USAGE = YES_ERROR;
				CLANG_WARN_DOCUMENTATION_COMMENTS = YES;
				CLANG_WARN_EMPTY_BODY = YES;
				CLANG_WARN_ENUM_CONVERSION = YES;
				CLANG_WARN_INFINITE_RECURSION = YES;
				CLANG_WARN_INT_CONVERSION = YES;
				CLANG_WARN_NON_LITERAL_NULL_CONVERSION = YES;
				CLANG_WARN_OBJC_IMPLICIT_RETAIN_SELF = YES;
				CLANG_WARN_OBJC_LITERAL_CONVERSION = YES;
				CLANG_WARN_OBJC_ROOT_CLASS = YES_ERROR;
				CLANG_WARN_RANGE_LOOP_ANALYSIS = YES;
				CLANG_WARN_STRICT_PROTOTYPES = YES;
				CLANG_WARN_SUSPICIOUS_MOVE = YES;
				CLANG_WARN_UNGUARDED_AVAILABILITY = YES_AGGRESSIVE;
				CLANG_WARN_UNREACHABLE_CODE = YES;
				CLANG_WARN__DUPLICATE_METHOD_MATCH = YES;
				CODE_SIGN_IDENTITY = "iPhone Developer";
				COPY_PHASE_STRIP = NO;
				DEBUG_INFORMATION_FORMAT = dwarf;
				ENABLE_STRICT_OBJC_MSGSEND = YES;
				ENABLE_TESTABILITY = YES;
				GCC_C_LANGUAGE_STANDARD = gnu11;
				GCC_DYNAMIC_NO_PIC = NO;
				GCC_NO_COMMON_BLOCKS = YES;
				GCC_OPTIMIZATION_LEVEL = 0;
				GCC_PREPROCESSOR_DEFINITIONS = (
					"DEBUG=1",
					"$(inherited)",
				);
				GCC_WARN_64_TO_32_BIT_CONVERSION = YES;
				GCC_WARN_ABOUT_RETURN_TYPE = YES_ERROR;
				GCC_WARN_UNDECLARED_SELECTOR = YES;
				GCC_WARN_UNINITIALIZED_AUTOS = YES_AGGRESSIVE;
				GCC_WARN_UNUSED_FUNCTION = YES;
				GCC_WARN_UNUSED_VARIABLE = YES;
				IPHONEOS_DEPLOYMENT_TARGET = 12.2;
				MTL_ENABLE_DEBUG_INFO = INCLUDE_SOURCE;
				MTL_FAST_MATH = YES;
				ONLY_ACTIVE_ARCH = YES;
				SDKROOT = iphoneos;
			};
			name = Debug;
		};
		9850C4BD22D1A493003D8158 /* Release */ = {
			isa = XCBuildConfiguration;
			buildSettings = {
				ALWAYS_SEARCH_USER_PATHS = NO;
				CLANG_ANALYZER_NONNULL = YES;
				CLANG_ANALYZER_NUMBER_OBJECT_CONVERSION = YES_AGGRESSIVE;
				CLANG_CXX_LANGUAGE_STANDARD = "gnu++14";
				CLANG_CXX_LIBRARY = "libc++";
				CLANG_ENABLE_MODULES = YES;
				CLANG_ENABLE_OBJC_ARC = YES;
				CLANG_ENABLE_OBJC_WEAK = YES;
				CLANG_WARN_BLOCK_CAPTURE_AUTORELEASING = YES;
				CLANG_WARN_BOOL_CONVERSION = YES;
				CLANG_WARN_COMMA = YES;
				CLANG_WARN_CONSTANT_CONVERSION = YES;
				CLANG_WARN_DEPRECATED_OBJC_IMPLEMENTATIONS = YES;
				CLANG_WARN_DIRECT_OBJC_ISA_USAGE = YES_ERROR;
				CLANG_WARN_DOCUMENTATION_COMMENTS = YES;
				CLANG_WARN_EMPTY_BODY = YES;
				CLANG_WARN_ENUM_CONVERSION = YES;
				CLANG_WARN_INFINITE_RECURSION = YES;
				CLANG_WARN_INT_CONVERSION = YES;
				CLANG_WARN_NON_LITERAL_NULL_CONVERSION = YES;
				CLANG_WARN_OBJC_IMPLICIT_RETAIN_SELF = YES;
				CLANG_WARN_OBJC_LITERAL_CONVERSION = YES;
				CLANG_WARN_OBJC_ROOT_CLASS = YES_ERROR;
				CLANG_WARN_RANGE_LOOP_ANALYSIS = YES;
				CLANG_WARN_STRICT_PROTOTYPES = YES;
				CLANG_WARN_SUSPICIOUS_MOVE = YES;
				CLANG_WARN_UNGUARDED_AVAILABILITY = YES_AGGRESSIVE;
				CLANG_WARN_UNREACHABLE_CODE = YES;
				CLANG_WARN__DUPLICATE_METHOD_MATCH = YES;
				CODE_SIGN_IDENTITY = "iPhone Developer";
				COPY_PHASE_STRIP = NO;
				DEBUG_INFORMATION_FORMAT = "dwarf-with-dsym";
				ENABLE_NS_ASSERTIONS = NO;
				ENABLE_STRICT_OBJC_MSGSEND = YES;
				GCC_C_LANGUAGE_STANDARD = gnu11;
				GCC_NO_COMMON_BLOCKS = YES;
				GCC_WARN_64_TO_32_BIT_CONVERSION = YES;
				GCC_WARN_ABOUT_RETURN_TYPE = YES_ERROR;
				GCC_WARN_UNDECLARED_SELECTOR = YES;
				GCC_WARN_UNINITIALIZED_AUTOS = YES_AGGRESSIVE;
				GCC_WARN_UNUSED_FUNCTION = YES;
				GCC_WARN_UNUSED_VARIABLE = YES;
				IPHONEOS_DEPLOYMENT_TARGET = 12.2;
				MTL_ENABLE_DEBUG_INFO = NO;
				MTL_FAST_MATH = YES;
				SDKROOT = iphoneos;
				VALIDATE_PRODUCT = YES;
			};
			name = Release;
		};
		9850C4BF22D1A493003D8158 /* Debug */ = {
			isa = XCBuildConfiguration;
			buildSettings = {
				ASSETCATALOG_COMPILER_APPICON_NAME = AppIcon;
				CODE_SIGN_STYLE = Automatic;
				DEVELOPMENT_TEAM = ZJK3MYETQ3;
				INFOPLIST_FILE = CollectionViewFlowLayoutDemo/Info.plist;
				LD_RUNPATH_SEARCH_PATHS = (
					"$(inherited)",
					"@executable_path/Frameworks",
				);
				PRODUCT_BUNDLE_IDENTIFIER = com.muxue.CollectionViewFlowLayoutDemo;
				PRODUCT_NAME = "$(TARGET_NAME)";
				TARGETED_DEVICE_FAMILY = "1,2";
			};
			name = Debug;
		};
		9850C4C022D1A493003D8158 /* Release */ = {
			isa = XCBuildConfiguration;
			buildSettings = {
				ASSETCATALOG_COMPILER_APPICON_NAME = AppIcon;
				CODE_SIGN_STYLE = Automatic;
				DEVELOPMENT_TEAM = ZJK3MYETQ3;
				INFOPLIST_FILE = CollectionViewFlowLayoutDemo/Info.plist;
				LD_RUNPATH_SEARCH_PATHS = (
					"$(inherited)",
					"@executable_path/Frameworks",
				);
				PRODUCT_BUNDLE_IDENTIFIER = com.muxue.CollectionViewFlowLayoutDemo;
				PRODUCT_NAME = "$(TARGET_NAME)";
				TARGETED_DEVICE_FAMILY = "1,2";
			};
			name = Release;
		};
/* End XCBuildConfiguration section */

/* Begin XCConfigurationList section */
		9850C4A322D1A492003D8158 /* Build configuration list for PBXProject "CollectionViewFlowLayoutDemo" */ = {
			isa = XCConfigurationList;
			buildConfigurations = (
				9850C4BC22D1A493003D8158 /* Debug */,
				9850C4BD22D1A493003D8158 /* Release */,
			);
			defaultConfigurationIsVisible = 0;
			defaultConfigurationName = Release;
		};
		9850C4BE22D1A493003D8158 /* Build configuration list for PBXNativeTarget "CollectionViewFlowLayoutDemo" */ = {
			isa = XCConfigurationList;
			buildConfigurations = (
				9850C4BF22D1A493003D8158 /* Debug */,
				9850C4C022D1A493003D8158 /* Release */,
			);
			defaultConfigurationIsVisible = 0;
			defaultConfigurationName = Release;
		};
/* End XCConfigurationList section */
	};
	rootObject = 9850C4A022D1A492003D8158 /* Project object */;
}
